
Microsoft Visual Studio Solution File, Format Version 12.00
# Visual Studio Version 17
VisualStudioVersion = 17.14.36705.20 d17.14
MinimumVisualStudioVersion = 10.0.40219.1
Project("{888888A0-9F3D-457C-B088-3A5042F75D52}") = "LeaderboardDBPuller", "LeaderboardDBPuller\LeaderboardDBPuller.pyproj", "{3D7B658E-C273-454C-8549-97B85AA25938}"
EndProject
Global
	GlobalSection(SolutionConfigurationPlatforms) = preSolution
		Debug|Any CPU = Debug|Any CPU
		Release|Any CPU = Release|Any CPU
	EndGlobalSection
	GlobalSection(ProjectConfigurationPlatforms) = postSolution
		{3D7B658E-C273-454C-8549-97B85AA25938}.Debug|Any CPU.ActiveCfg = Debug|Any CPU
		{3D7B658E-C273-454C-8549-97B85AA25938}.Release|Any CPU.ActiveCfg = Release|Any CPU
	EndGlobalSection
	GlobalSection(SolutionProperties) = preSolution
		HideSolutionNode = FALSE
	EndGlobalSection
	GlobalSection(ExtensibilityGlobals) = postSolution
		SolutionGuid = {0BEB075B-DC63-4D18-B27E-DF5A387EFF29}
	EndGlobalSection
EndGlobal
